// !$*UTF8*$!
{
	archiveVersion = 1;
	classes = {
	};
	objectVersion = 56;
	objects = {

/* Begin PBXBuildFile section */
		CE2A3C932A7A736C00A2CC00 /* StepperSliderBootcamp.swift in Sources */ = {isa = PBXBuildFile; fileRef = CE2A3C922A7A736C00A2CC00 /* StepperSliderBootcamp.swift */; };
		CE2A3C952A7A990B00A2CC00 /* TabViewBootcamp.swift in Sources */ = {isa = PBXBuildFile; fileRef = CE2A3C942A7A990B00A2CC00 /* TabViewBootcamp.swift */; };
		CE3F32AD2A6FFB5600D08D22 /* ButtonBootcamp.swift in Sources */ = {isa = PBXBuildFile; fileRef = CE3F32AC2A6FFB5600D08D22 /* ButtonBootcamp.swift */; };
		CE3F32AF2A70030900D08D22 /* StateBootcamp.swift in Sources */ = {isa = PBXBuildFile; fileRef = CE3F32AE2A70030900D08D22 /* StateBootcamp.swift */; };
		CE3F32B12A7008AF00D08D22 /* SubViewsBootcamp.swift in Sources */ = {isa = PBXBuildFile; fileRef = CE3F32B02A7008AF00D08D22 /* SubViewsBootcamp.swift */; };
		CE3F32B32A700CFC00D08D22 /* BindingBootcamp.swift in Sources */ = {isa = PBXBuildFile; fileRef = CE3F32B22A700CFC00D08D22 /* BindingBootcamp.swift */; };
		CE3F32B52A7013A700D08D22 /* ? ternary ConditionalBootcamp.swift in Sources */ = {isa = PBXBuildFile; fileRef = CE3F32B42A7013A700D08D22 /* ? ternary ConditionalBootcamp.swift */; };
		CE459CE12A67BF0E00A1FD20 /* ImagesBootcamp.swift in Sources */ = {isa = PBXBuildFile; fileRef = CE459CE02A67BF0E00A1FD20 /* ImagesBootcamp.swift */; };
		CE464EDD2A7BB7350015E667 /* TabView1Bootcamp.swift in Sources */ = {isa = PBXBuildFile; fileRef = CE464EDC2A7BB7350015E667 /* TabView1Bootcamp.swift */; };
		CE464EDF2A7BBB1E0015E667 /* DarkModeBootcamp.swift in Sources */ = {isa = PBXBuildFile; fileRef = CE464EDE2A7BBB1E0015E667 /* DarkModeBootcamp.swift */; };
		CE464EE12A7BCCE70015E667 /* DocumentationBootcamp.swift in Sources */ = {isa = PBXBuildFile; fileRef = CE464EE02A7BCCE70015E667 /* DocumentationBootcamp.swift */; };
		CE4926882A78E66A004F4207 /* ActionSheetBootcamp.swift in Sources */ = {isa = PBXBuildFile; fileRef = CE4926872A78E66A004F4207 /* ActionSheetBootcamp.swift */; };
		CE49268A2A78FF5E004F4207 /* ContextMenuBootcamp.swift in Sources */ = {isa = PBXBuildFile; fileRef = CE4926892A78FF5E004F4207 /* ContextMenuBootcamp.swift */; };
		CE49E3142A7917F1007B7159 /* TextFieldBootcamp.swift in Sources */ = {isa = PBXBuildFile; fileRef = CE49E3132A7917F1007B7159 /* TextFieldBootcamp.swift */; };
		CE4FD91F2A794CA20054F12C /* TextEditorBootcamp.swift in Sources */ = {isa = PBXBuildFile; fileRef = CE4FD91E2A794CA20054F12C /* TextEditorBootcamp.swift */; };
		CE4FD9212A7951310054F12C /* TogglePickerBootcamp.swift in Sources */ = {isa = PBXBuildFile; fileRef = CE4FD9202A7951310054F12C /* TogglePickerBootcamp.swift */; };
		CE4FD9232A7954CB0054F12C /* DateColorPickerBootcamp.swift in Sources */ = {isa = PBXBuildFile; fileRef = CE4FD9222A7954CB0054F12C /* DateColorPickerBootcamp.swift */; };
		CE5B43242A680AA80088EA64 /* FrameBootcamp.swift in Sources */ = {isa = PBXBuildFile; fileRef = CE5B43232A680AA80088EA64 /* FrameBootcamp.swift */; };
		CE5B43262A6810CB0088EA64 /* BackgroundAndOverlay.swift in Sources */ = {isa = PBXBuildFile; fileRef = CE5B43252A6810CB0088EA64 /* BackgroundAndOverlay.swift */; };
		CE5B43282A68242A0088EA64 /* HVZ_StacksBootcamp.swift in Sources */ = {isa = PBXBuildFile; fileRef = CE5B43272A68242A0088EA64 /* HVZ_StacksBootcamp.swift */; };
		CE5B432A2A682E410088EA64 /* PaddingAndSpacer.swift in Sources */ = {isa = PBXBuildFile; fileRef = CE5B43292A682E410088EA64 /* PaddingAndSpacer.swift */; };
		CE5C738F2A73D17700AA7ABD /* TransitionBootcamp.swift in Sources */ = {isa = PBXBuildFile; fileRef = CE5C738E2A73D17700AA7ABD /* TransitionBootcamp.swift */; };
		CE5C73912A73DB8D00AA7ABD /* SheetsBootcamp.swift in Sources */ = {isa = PBXBuildFile; fileRef = CE5C73902A73DB8D00AA7ABD /* SheetsBootcamp.swift */; };
		CE5C73952A73F03A00AA7ABD /* PopOverBootcamp.swift in Sources */ = {isa = PBXBuildFile; fileRef = CE5C73942A73F03A00AA7ABD /* PopOverBootcamp.swift */; };
		CE5C73972A74076D00AA7ABD /* NavigationViewBootcamp.swift in Sources */ = {isa = PBXBuildFile; fileRef = CE5C73962A74076D00AA7ABD /* NavigationViewBootcamp.swift */; };
		CE64E2602A66698400143A63 /* SwiftfulThinkingSUIBootcampApp.swift in Sources */ = {isa = PBXBuildFile; fileRef = CE64E25F2A66698400143A63 /* SwiftfulThinkingSUIBootcampApp.swift */; };
		CE64E2622A66698400143A63 /* ContentView.swift in Sources */ = {isa = PBXBuildFile; fileRef = CE64E2612A66698400143A63 /* ContentView.swift */; };
		CE64E2642A66698500143A63 /* Assets.xcassets in Resources */ = {isa = PBXBuildFile; fileRef = CE64E2632A66698500143A63 /* Assets.xcassets */; };
		CE64E2672A66698500143A63 /* Preview Assets.xcassets in Resources */ = {isa = PBXBuildFile; fileRef = CE64E2662A66698500143A63 /* Preview Assets.xcassets */; };
		CE64E26E2A66849700143A63 /* TextBootcamp.swift in Sources */ = {isa = PBXBuildFile; fileRef = CE64E26D2A66849700143A63 /* TextBootcamp.swift */; };
		CE64E2702A668B7E00143A63 /* ShapesBootcamp.swift in Sources */ = {isa = PBXBuildFile; fileRef = CE64E26F2A668B7E00143A63 /* ShapesBootcamp.swift */; };
		CE64E2722A66C2BF00143A63 /* ColorsBootcamp.swift in Sources */ = {isa = PBXBuildFile; fileRef = CE64E2712A66C2BF00143A63 /* ColorsBootcamp.swift */; };
		CE64E2742A66D27300143A63 /* GradientsBootcamp.swift in Sources */ = {isa = PBXBuildFile; fileRef = CE64E2732A66D27300143A63 /* GradientsBootcamp.swift */; };
		CE64E2762A66DA0C00143A63 /* IconBootcamp.swift in Sources */ = {isa = PBXBuildFile; fileRef = CE64E2752A66DA0C00143A63 /* IconBootcamp.swift */; };
		CE7823442A694F6E00212FC4 /* ScrollViewBootcamp.swift in Sources */ = {isa = PBXBuildFile; fileRef = CE7823432A694F6E00212FC4 /* ScrollViewBootcamp.swift */; };
		CE7823462A69618700212FC4 /* ScrollView_Bootcamp.swift in Sources */ = {isa = PBXBuildFile; fileRef = CE7823452A69618700212FC4 /* ScrollView_Bootcamp.swift */; };
		CE7823482A6966BA00212FC4 /* GridBootcamp.swift in Sources */ = {isa = PBXBuildFile; fileRef = CE7823472A6966BA00212FC4 /* GridBootcamp.swift */; };
		CE78234A2A69793F00212FC4 /* Grid_Bootcamp.swift in Sources */ = {isa = PBXBuildFile; fileRef = CE7823492A69793F00212FC4 /* Grid_Bootcamp.swift */; };
		CE78234C2A6981F300212FC4 /* SafeAreaBootcamp.swift in Sources */ = {isa = PBXBuildFile; fileRef = CE78234B2A6981F300212FC4 /* SafeAreaBootcamp.swift */; };
		CE7959D12A73A50B00352CAE /* AnimationBootcamp.swift in Sources */ = {isa = PBXBuildFile; fileRef = CE7959D02A73A50B00352CAE /* AnimationBootcamp.swift */; };
		CE7959D32A73B40E00352CAE /* AnimationCurvesBootCamp.swift in Sources */ = {isa = PBXBuildFile; fileRef = CE7959D22A73B40E00352CAE /* AnimationCurvesBootCamp.swift */; };
		CE855E1B2A77F14C006C902F /* NavigationLinkBootCamp.swift in Sources */ = {isa = PBXBuildFile; fileRef = CE855E1A2A77F14C006C902F /* NavigationLinkBootCamp.swift */; };
		CE855E1D2A77F16B006C902F /* AlertsBootcamp.swift in Sources */ = {isa = PBXBuildFile; fileRef = CE855E1C2A77F16B006C902F /* AlertsBootcamp.swift */; };
		CE997C622A691E6300EECBCD /* Init_EnumBootcamp.swift in Sources */ = {isa = PBXBuildFile; fileRef = CE997C612A691E6300EECBCD /* Init_EnumBootcamp.swift */; };
		CE997C642A692DF400EECBCD /* ForEachBootcamp.swift in Sources */ = {isa = PBXBuildFile; fileRef = CE997C632A692DF400EECBCD /* ForEachBootcamp.swift */; };
/* End PBXBuildFile section */

/* Begin PBXFileReference section */
		CE2A3C922A7A736C00A2CC00 /* StepperSliderBootcamp.swift */ = {isa = PBXFileReference; lastKnownFileType = sourcecode.swift; path = StepperSliderBootcamp.swift; sourceTree = "<group>"; };
		CE2A3C942A7A990B00A2CC00 /* TabViewBootcamp.swift */ = {isa = PBXFileReference; lastKnownFileType = sourcecode.swift; path = TabViewBootcamp.swift; sourceTree = "<group>"; };
		CE3F32AC2A6FFB5600D08D22 /* ButtonBootcamp.swift */ = {isa = PBXFileReference; lastKnownFileType = sourcecode.swift; path = ButtonBootcamp.swift; sourceTree = "<group>"; };
		CE3F32AE2A70030900D08D22 /* StateBootcamp.swift */ = {isa = PBXFileReference; lastKnownFileType = sourcecode.swift; path = StateBootcamp.swift; sourceTree = "<group>"; };
		CE3F32B02A7008AF00D08D22 /* SubViewsBootcamp.swift */ = {isa = PBXFileReference; lastKnownFileType = sourcecode.swift; path = SubViewsBootcamp.swift; sourceTree = "<group>"; };
		CE3F32B22A700CFC00D08D22 /* BindingBootcamp.swift */ = {isa = PBXFileReference; lastKnownFileType = sourcecode.swift; path = BindingBootcamp.swift; sourceTree = "<group>"; };
		CE3F32B42A7013A700D08D22 /* ? ternary ConditionalBootcamp.swift */ = {isa = PBXFileReference; lastKnownFileType = sourcecode.swift; path = "? ternary ConditionalBootcamp.swift"; sourceTree = "<group>"; };
		CE459CE02A67BF0E00A1FD20 /* ImagesBootcamp.swift */ = {isa = PBXFileReference; lastKnownFileType = sourcecode.swift; path = ImagesBootcamp.swift; sourceTree = "<group>"; };
		CE464EDC2A7BB7350015E667 /* TabView1Bootcamp.swift */ = {isa = PBXFileReference; lastKnownFileType = sourcecode.swift; path = TabView1Bootcamp.swift; sourceTree = "<group>"; };
		CE464EDE2A7BBB1E0015E667 /* DarkModeBootcamp.swift */ = {isa = PBXFileReference; lastKnownFileType = sourcecode.swift; path = DarkModeBootcamp.swift; sourceTree = "<group>"; };
		CE464EE02A7BCCE70015E667 /* DocumentationBootcamp.swift */ = {isa = PBXFileReference; lastKnownFileType = sourcecode.swift; path = DocumentationBootcamp.swift; sourceTree = "<group>"; };
		CE4926872A78E66A004F4207 /* ActionSheetBootcamp.swift */ = {isa = PBXFileReference; lastKnownFileType = sourcecode.swift; path = ActionSheetBootcamp.swift; sourceTree = "<group>"; };
		CE4926892A78FF5E004F4207 /* ContextMenuBootcamp.swift */ = {isa = PBXFileReference; lastKnownFileType = sourcecode.swift; path = ContextMenuBootcamp.swift; sourceTree = "<group>"; };
		CE49E3132A7917F1007B7159 /* TextFieldBootcamp.swift */ = {isa = PBXFileReference; lastKnownFileType = sourcecode.swift; path = TextFieldBootcamp.swift; sourceTree = "<group>"; };
		CE4FD91E2A794CA20054F12C /* TextEditorBootcamp.swift */ = {isa = PBXFileReference; lastKnownFileType = sourcecode.swift; path = TextEditorBootcamp.swift; sourceTree = "<group>"; };
		CE4FD9202A7951310054F12C /* TogglePickerBootcamp.swift */ = {isa = PBXFileReference; lastKnownFileType = sourcecode.swift; path = TogglePickerBootcamp.swift; sourceTree = "<group>"; };
		CE4FD9222A7954CB0054F12C /* DateColorPickerBootcamp.swift */ = {isa = PBXFileReference; lastKnownFileType = sourcecode.swift; path = DateColorPickerBootcamp.swift; sourceTree = "<group>"; };
		CE5B43232A680AA80088EA64 /* FrameBootcamp.swift */ = {isa = PBXFileReference; lastKnownFileType = sourcecode.swift; path = FrameBootcamp.swift; sourceTree = "<group>"; };
		CE5B43252A6810CB0088EA64 /* BackgroundAndOverlay.swift */ = {isa = PBXFileReference; lastKnownFileType = sourcecode.swift; path = BackgroundAndOverlay.swift; sourceTree = "<group>"; };
		CE5B43272A68242A0088EA64 /* HVZ_StacksBootcamp.swift */ = {isa = PBXFileReference; lastKnownFileType = sourcecode.swift; path = HVZ_StacksBootcamp.swift; sourceTree = "<group>"; };
		CE5B43292A682E410088EA64 /* PaddingAndSpacer.swift */ = {isa = PBXFileReference; lastKnownFileType = sourcecode.swift; path = PaddingAndSpacer.swift; sourceTree = "<group>"; };
		CE5C738E2A73D17700AA7ABD /* TransitionBootcamp.swift */ = {isa = PBXFileReference; lastKnownFileType = sourcecode.swift; path = TransitionBootcamp.swift; sourceTree = "<group>"; };
		CE5C73902A73DB8D00AA7ABD /* SheetsBootcamp.swift */ = {isa = PBXFileReference; lastKnownFileType = sourcecode.swift; path = SheetsBootcamp.swift; sourceTree = "<group>"; };
		CE5C73942A73F03A00AA7ABD /* PopOverBootcamp.swift */ = {isa = PBXFileReference; lastKnownFileType = sourcecode.swift; path = PopOverBootcamp.swift; sourceTree = "<group>"; };
		CE5C73962A74076D00AA7ABD /* NavigationViewBootcamp.swift */ = {isa = PBXFileReference; lastKnownFileType = sourcecode.swift; path = NavigationViewBootcamp.swift; sourceTree = "<group>"; };
		CE64E25C2A66698400143A63 /* SwiftfulThinkingSUIBootcamp.app */ = {isa = PBXFileReference; explicitFileType = wrapper.application; includeInIndex = 0; path = SwiftfulThinkingSUIBootcamp.app; sourceTree = BUILT_PRODUCTS_DIR; };
		CE64E25F2A66698400143A63 /* SwiftfulThinkingSUIBootcampApp.swift */ = {isa = PBXFileReference; lastKnownFileType = sourcecode.swift; path = SwiftfulThinkingSUIBootcampApp.swift; sourceTree = "<group>"; };
		CE64E2612A66698400143A63 /* ContentView.swift */ = {isa = PBXFileReference; lastKnownFileType = sourcecode.swift; path = ContentView.swift; sourceTree = "<group>"; };
		CE64E2632A66698500143A63 /* Assets.xcassets */ = {isa = PBXFileReference; lastKnownFileType = folder.assetcatalog; path = Assets.xcassets; sourceTree = "<group>"; };
		CE64E2662A66698500143A63 /* Preview Assets.xcassets */ = {isa = PBXFileReference; lastKnownFileType = folder.assetcatalog; path = "Preview Assets.xcassets"; sourceTree = "<group>"; };
		CE64E26D2A66849700143A63 /* TextBootcamp.swift */ = {isa = PBXFileReference; lastKnownFileType = sourcecode.swift; path = TextBootcamp.swift; sourceTree = "<group>"; };
		CE64E26F2A668B7E00143A63 /* ShapesBootcamp.swift */ = {isa = PBXFileReference; lastKnownFileType = sourcecode.swift; path = ShapesBootcamp.swift; sourceTree = "<group>"; };
		CE64E2712A66C2BF00143A63 /* ColorsBootcamp.swift */ = {isa = PBXFileReference; lastKnownFileType = sourcecode.swift; path = ColorsBootcamp.swift; sourceTree = "<group>"; };
		CE64E2732A66D27300143A63 /* GradientsBootcamp.swift */ = {isa = PBXFileReference; lastKnownFileType = sourcecode.swift; path = GradientsBootcamp.swift; sourceTree = "<group>"; };
		CE64E2752A66DA0C00143A63 /* IconBootcamp.swift */ = {isa = PBXFileReference; lastKnownFileType = sourcecode.swift; path = IconBootcamp.swift; sourceTree = "<group>"; };
		CE7823432A694F6E00212FC4 /* ScrollViewBootcamp.swift */ = {isa = PBXFileReference; lastKnownFileType = sourcecode.swift; path = ScrollViewBootcamp.swift; sourceTree = "<group>"; };
		CE7823452A69618700212FC4 /* ScrollView_Bootcamp.swift */ = {isa = PBXFileReference; lastKnownFileType = sourcecode.swift; path = ScrollView_Bootcamp.swift; sourceTree = "<group>"; };
		CE7823472A6966BA00212FC4 /* GridBootcamp.swift */ = {isa = PBXFileReference; lastKnownFileType = sourcecode.swift; path = GridBootcamp.swift; sourceTree = "<group>"; };
		CE7823492A69793F00212FC4 /* Grid_Bootcamp.swift */ = {isa = PBXFileReference; lastKnownFileType = sourcecode.swift; path = Grid_Bootcamp.swift; sourceTree = "<group>"; };
		CE78234B2A6981F300212FC4 /* SafeAreaBootcamp.swift */ = {isa = PBXFileReference; lastKnownFileType = sourcecode.swift; path = SafeAreaBootcamp.swift; sourceTree = "<group>"; };
		CE7959D02A73A50B00352CAE /* AnimationBootcamp.swift */ = {isa = PBXFileReference; lastKnownFileType = sourcecode.swift; path = AnimationBootcamp.swift; sourceTree = "<group>"; };
		CE7959D22A73B40E00352CAE /* AnimationCurvesBootCamp.swift */ = {isa = PBXFileReference; lastKnownFileType = sourcecode.swift; path = AnimationCurvesBootCamp.swift; sourceTree = "<group>"; };
		CE855E1A2A77F14C006C902F /* NavigationLinkBootCamp.swift */ = {isa = PBXFileReference; lastKnownFileType = sourcecode.swift; path = NavigationLinkBootCamp.swift; sourceTree = "<group>"; };
		CE855E1C2A77F16B006C902F /* AlertsBootcamp.swift */ = {isa = PBXFileReference; lastKnownFileType = sourcecode.swift; path = AlertsBootcamp.swift; sourceTree = "<group>"; };
		CE997C612A691E6300EECBCD /* Init_EnumBootcamp.swift */ = {isa = PBXFileReference; lastKnownFileType = sourcecode.swift; path = Init_EnumBootcamp.swift; sourceTree = "<group>"; };
		CE997C632A692DF400EECBCD /* ForEachBootcamp.swift */ = {isa = PBXFileReference; lastKnownFileType = sourcecode.swift; path = ForEachBootcamp.swift; sourceTree = "<group>"; };
/* End PBXFileReference section */

/* Begin PBXFrameworksBuildPhase section */
		CE64E2592A66698400143A63 /* Frameworks */ = {
			isa = PBXFrameworksBuildPhase;
			buildActionMask = 2147483647;
			files = (
			);
			runOnlyForDeploymentPostprocessing = 0;
		};
/* End PBXFrameworksBuildPhase section */

/* Begin PBXGroup section */
		CE64E2532A66698400143A63 = {
			isa = PBXGroup;
			children = (
				CE64E25E2A66698400143A63 /* SwiftfulThinkingSUIBootcamp */,
				CE64E25D2A66698400143A63 /* Products */,
			);
			sourceTree = "<group>";
		};
		CE64E25D2A66698400143A63 /* Products */ = {
			isa = PBXGroup;
			children = (
				CE64E25C2A66698400143A63 /* SwiftfulThinkingSUIBootcamp.app */,
			);
			name = Products;
			sourceTree = "<group>";
		};
		CE64E25E2A66698400143A63 /* SwiftfulThinkingSUIBootcamp */ = {
			isa = PBXGroup;
			children = (
				CE64E25F2A66698400143A63 /* SwiftfulThinkingSUIBootcampApp.swift */,
				CE64E2612A66698400143A63 /* ContentView.swift */,
				CE64E26D2A66849700143A63 /* TextBootcamp.swift */,
				CE64E26F2A668B7E00143A63 /* ShapesBootcamp.swift */,
				CE64E2712A66C2BF00143A63 /* ColorsBootcamp.swift */,
				CE64E2732A66D27300143A63 /* GradientsBootcamp.swift */,
				CE64E2752A66DA0C00143A63 /* IconBootcamp.swift */,
				CE459CE02A67BF0E00A1FD20 /* ImagesBootcamp.swift */,
				CE5B43232A680AA80088EA64 /* FrameBootcamp.swift */,
				CE5B43252A6810CB0088EA64 /* BackgroundAndOverlay.swift */,
				CE5B43272A68242A0088EA64 /* HVZ_StacksBootcamp.swift */,
				CE5B43292A682E410088EA64 /* PaddingAndSpacer.swift */,
				CE997C612A691E6300EECBCD /* Init_EnumBootcamp.swift */,
				CE997C632A692DF400EECBCD /* ForEachBootcamp.swift */,
				CE7823432A694F6E00212FC4 /* ScrollViewBootcamp.swift */,
				CE7823452A69618700212FC4 /* ScrollView_Bootcamp.swift */,
				CE7823472A6966BA00212FC4 /* GridBootcamp.swift */,
				CE7823492A69793F00212FC4 /* Grid_Bootcamp.swift */,
				CE78234B2A6981F300212FC4 /* SafeAreaBootcamp.swift */,
				CE3F32AC2A6FFB5600D08D22 /* ButtonBootcamp.swift */,
				CE3F32AE2A70030900D08D22 /* StateBootcamp.swift */,
				CE3F32B02A7008AF00D08D22 /* SubViewsBootcamp.swift */,
				CE3F32B22A700CFC00D08D22 /* BindingBootcamp.swift */,
				CE3F32B42A7013A700D08D22 /* ? ternary ConditionalBootcamp.swift */,
				CE7959D02A73A50B00352CAE /* AnimationBootcamp.swift */,
				CE7959D22A73B40E00352CAE /* AnimationCurvesBootCamp.swift */,
				CE5C738E2A73D17700AA7ABD /* TransitionBootcamp.swift */,
				CE5C73902A73DB8D00AA7ABD /* SheetsBootcamp.swift */,
				CE5C73942A73F03A00AA7ABD /* PopOverBootcamp.swift */,
				CE5C73962A74076D00AA7ABD /* NavigationViewBootcamp.swift */,
				CE855E1A2A77F14C006C902F /* NavigationLinkBootCamp.swift */,
				CE855E1C2A77F16B006C902F /* AlertsBootcamp.swift */,
				CE4926872A78E66A004F4207 /* ActionSheetBootcamp.swift */,
				CE4926892A78FF5E004F4207 /* ContextMenuBootcamp.swift */,
				CE49E3132A7917F1007B7159 /* TextFieldBootcamp.swift */,
				CE4FD91E2A794CA20054F12C /* TextEditorBootcamp.swift */,
				CE4FD9202A7951310054F12C /* TogglePickerBootcamp.swift */,
				CE4FD9222A7954CB0054F12C /* DateColorPickerBootcamp.swift */,
				CE2A3C922A7A736C00A2CC00 /* StepperSliderBootcamp.swift */,
				CE2A3C942A7A990B00A2CC00 /* TabViewBootcamp.swift */,
				CE464EDC2A7BB7350015E667 /* TabView1Bootcamp.swift */,
				CE464EDE2A7BBB1E0015E667 /* DarkModeBootcamp.swift */,
				CE464EE02A7BCCE70015E667 /* DocumentationBootcamp.swift */,
				CE64E2632A66698500143A63 /* Assets.xcassets */,
				CE64E2652A66698500143A63 /* Preview Content */,
			);
			path = SwiftfulThinkingSUIBootcamp;
			sourceTree = "<group>";
		};
		CE64E2652A66698500143A63 /* Preview Content */ = {
			isa = PBXGroup;
			children = (
				CE64E2662A66698500143A63 /* Preview Assets.xcassets */,
			);
			path = "Preview Content";
			sourceTree = "<group>";
		};
/* End PBXGroup section */

/* Begin PBXNativeTarget section */
		CE64E25B2A66698400143A63 /* SwiftfulThinkingSUIBootcamp */ = {
			isa = PBXNativeTarget;
			buildConfigurationList = CE64E26A2A66698500143A63 /* Build configuration list for PBXNativeTarget "SwiftfulThinkingSUIBootcamp" */;
			buildPhases = (
				CE64E2582A66698400143A63 /* Sources */,
				CE64E2592A66698400143A63 /* Frameworks */,
				CE64E25A2A66698400143A63 /* Resources */,
			);
			buildRules = (
			);
			dependencies = (
			);
			name = SwiftfulThinkingSUIBootcamp;
			productName = SwiftfulThinkingSUIBootcamp;
			productReference = CE64E25C2A66698400143A63 /* SwiftfulThinkingSUIBootcamp.app */;
			productType = "com.apple.product-type.application";
		};
/* End PBXNativeTarget section */

/* Begin PBXProject section */
		CE64E2542A66698400143A63 /* Project object */ = {
			isa = PBXProject;
			attributes = {
				BuildIndependentTargetsInParallel = 1;
				LastSwiftUpdateCheck = 1430;
				LastUpgradeCheck = 1430;
				TargetAttributes = {
					CE64E25B2A66698400143A63 = {
						CreatedOnToolsVersion = 14.3.1;
					};
				};
			};
			buildConfigurationList = CE64E2572A66698400143A63 /* Build configuration list for PBXProject "SwiftfulThinkingSUIBootcamp" */;
			compatibilityVersion = "Xcode 14.0";
			developmentRegion = en;
			hasScannedForEncodings = 0;
			knownRegions = (
				en,
				Base,
			);
			mainGroup = CE64E2532A66698400143A63;
			productRefGroup = CE64E25D2A66698400143A63 /* Products */;
			projectDirPath = "";
			projectRoot = "";
			targets = (
				CE64E25B2A66698400143A63 /* SwiftfulThinkingSUIBootcamp */,
			);
		};
/* End PBXProject section */

/* Begin PBXResourcesBuildPhase section */
		CE64E25A2A66698400143A63 /* Resources */ = {
			isa = PBXResourcesBuildPhase;
			buildActionMask = 2147483647;
			files = (
				CE64E2672A66698500143A63 /* Preview Assets.xcassets in Resources */,
				CE64E2642A66698500143A63 /* Assets.xcassets in Resources */,
			);
			runOnlyForDeploymentPostprocessing = 0;
		};
/* End PBXResourcesBuildPhase section */

/* Begin PBXSourcesBuildPhase section */
		CE64E2582A66698400143A63 /* Sources */ = {
			isa = PBXSourcesBuildPhase;
			buildActionMask = 2147483647;
			files = (
				CE5C738F2A73D17700AA7ABD /* TransitionBootcamp.swift in Sources */,
				CE464EDF2A7BBB1E0015E667 /* DarkModeBootcamp.swift in Sources */,
				CE64E2742A66D27300143A63 /* GradientsBootcamp.swift in Sources */,
				CE5B432A2A682E410088EA64 /* PaddingAndSpacer.swift in Sources */,
				CE3F32B12A7008AF00D08D22 /* SubViewsBootcamp.swift in Sources */,
				CE7823462A69618700212FC4 /* ScrollView_Bootcamp.swift in Sources */,
				CE64E2722A66C2BF00143A63 /* ColorsBootcamp.swift in Sources */,
				CE5B43242A680AA80088EA64 /* FrameBootcamp.swift in Sources */,
				CE5B43282A68242A0088EA64 /* HVZ_StacksBootcamp.swift in Sources */,
				CE5C73912A73DB8D00AA7ABD /* SheetsBootcamp.swift in Sources */,
				CE997C622A691E6300EECBCD /* Init_EnumBootcamp.swift in Sources */,
				CE855E1B2A77F14C006C902F /* NavigationLinkBootCamp.swift in Sources */,
				CE3F32AF2A70030900D08D22 /* StateBootcamp.swift in Sources */,
				CE459CE12A67BF0E00A1FD20 /* ImagesBootcamp.swift in Sources */,
				CE78234A2A69793F00212FC4 /* Grid_Bootcamp.swift in Sources */,
				CE5B43262A6810CB0088EA64 /* BackgroundAndOverlay.swift in Sources */,
				CE2A3C952A7A990B00A2CC00 /* TabViewBootcamp.swift in Sources */,
				CE855E1D2A77F16B006C902F /* AlertsBootcamp.swift in Sources */,
				CE64E2762A66DA0C00143A63 /* IconBootcamp.swift in Sources */,
				CE64E2702A668B7E00143A63 /* ShapesBootcamp.swift in Sources */,
				CE3F32AD2A6FFB5600D08D22 /* ButtonBootcamp.swift in Sources */,
				CE49268A2A78FF5E004F4207 /* ContextMenuBootcamp.swift in Sources */,
				CE64E2622A66698400143A63 /* ContentView.swift in Sources */,
				CE78234C2A6981F300212FC4 /* SafeAreaBootcamp.swift in Sources */,
				CE4FD9232A7954CB0054F12C /* DateColorPickerBootcamp.swift in Sources */,
				CE997C642A692DF400EECBCD /* ForEachBootcamp.swift in Sources */,
				CE2A3C932A7A736C00A2CC00 /* StepperSliderBootcamp.swift in Sources */,
				CE4926882A78E66A004F4207 /* ActionSheetBootcamp.swift in Sources */,
				CE464EE12A7BCCE70015E667 /* DocumentationBootcamp.swift in Sources */,
				CE3F32B32A700CFC00D08D22 /* BindingBootcamp.swift in Sources */,
				CE7823442A694F6E00212FC4 /* ScrollViewBootcamp.swift in Sources */,
				CE464EDD2A7BB7350015E667 /* TabView1Bootcamp.swift in Sources */,
				CE7823482A6966BA00212FC4 /* GridBootcamp.swift in Sources */,
				CE5C73972A74076D00AA7ABD /* NavigationViewBootcamp.swift in Sources */,
				CE4FD91F2A794CA20054F12C /* TextEditorBootcamp.swift in Sources */,
				CE49E3142A7917F1007B7159 /* TextFieldBootcamp.swift in Sources */,
				CE4FD9212A7951310054F12C /* TogglePickerBootcamp.swift in Sources */,
				CE5C73952A73F03A00AA7ABD /* PopOverBootcamp.swift in Sources */,
				CE7959D32A73B40E00352CAE /* AnimationCurvesBootCamp.swift in Sources */,
				CE3F32B52A7013A700D08D22 /* ? ternary ConditionalBootcamp.swift in Sources */,
				CE64E26E2A66849700143A63 /* TextBootcamp.swift in Sources */,
				CE7959D12A73A50B00352CAE /* AnimationBootcamp.swift in Sources */,
				CE64E2602A66698400143A63 /* SwiftfulThinkingSUIBootcampApp.swift in Sources */,
			);
			runOnlyForDeploymentPostprocessing = 0;
		};
/* End PBXSourcesBuildPhase section */

/* Begin XCBuildConfiguration section */
		CE64E2682A66698500143A63 /* Debug */ = {
			isa = XCBuildConfiguration;
			buildSettings = {
				ALWAYS_SEARCH_USER_PATHS = NO;
				CLANG_ANALYZER_NONNULL = YES;
				CLANG_ANALYZER_NUMBER_OBJECT_CONVERSION = YES_AGGRESSIVE;
				CLANG_CXX_LANGUAGE_STANDARD = "gnu++20";
				CLANG_ENABLE_MODULES = YES;
				CLANG_ENABLE_OBJC_ARC = YES;
				CLANG_ENABLE_OBJC_WEAK = YES;
				CLANG_WARN_BLOCK_CAPTURE_AUTORELEASING = YES;
				CLANG_WARN_BOOL_CONVERSION = YES;
				CLANG_WARN_COMMA = YES;
				CLANG_WARN_CONSTANT_CONVERSION = YES;
				CLANG_WARN_DEPRECATED_OBJC_IMPLEMENTATIONS = YES;
				CLANG_WARN_DIRECT_OBJC_ISA_USAGE = YES_ERROR;
				CLANG_WARN_DOCUMENTATION_COMMENTS = YES;
				CLANG_WARN_EMPTY_BODY = YES;
				CLANG_WARN_ENUM_CONVERSION = YES;
				CLANG_WARN_INFINITE_RECURSION = YES;
				CLANG_WARN_INT_CONVERSION = YES;
				CLANG_WARN_NON_LITERAL_NULL_CONVERSION = YES;
				CLANG_WARN_OBJC_IMPLICIT_RETAIN_SELF = YES;
				CLANG_WARN_OBJC_LITERAL_CONVERSION = YES;
				CLANG_WARN_OBJC_ROOT_CLASS = YES_ERROR;
				CLANG_WARN_QUOTED_INCLUDE_IN_FRAMEWORK_HEADER = YES;
				CLANG_WARN_RANGE_LOOP_ANALYSIS = YES;
				CLANG_WARN_STRICT_PROTOTYPES = YES;
				CLANG_WARN_SUSPICIOUS_MOVE = YES;
				CLANG_WARN_UNGUARDED_AVAILABILITY = YES_AGGRESSIVE;
				CLANG_WARN_UNREACHABLE_CODE = YES;
				CLANG_WARN__DUPLICATE_METHOD_MATCH = YES;
				COPY_PHASE_STRIP = NO;
				DEBUG_INFORMATION_FORMAT = dwarf;
				ENABLE_STRICT_OBJC_MSGSEND = YES;
				ENABLE_TESTABILITY = YES;
				GCC_C_LANGUAGE_STANDARD = gnu11;
				GCC_DYNAMIC_NO_PIC = NO;
				GCC_NO_COMMON_BLOCKS = YES;
				GCC_OPTIMIZATION_LEVEL = 0;
				GCC_PREPROCESSOR_DEFINITIONS = (
					"DEBUG=1",
					"$(inherited)",
				);
				GCC_WARN_64_TO_32_BIT_CONVERSION = YES;
				GCC_WARN_ABOUT_RETURN_TYPE = YES_ERROR;
				GCC_WARN_UNDECLARED_SELECTOR = YES;
				GCC_WARN_UNINITIALIZED_AUTOS = YES_AGGRESSIVE;
				GCC_WARN_UNUSED_FUNCTION = YES;
				GCC_WARN_UNUSED_VARIABLE = YES;
				IPHONEOS_DEPLOYMENT_TARGET = 16.4;
				MTL_ENABLE_DEBUG_INFO = INCLUDE_SOURCE;
				MTL_FAST_MATH = YES;
				ONLY_ACTIVE_ARCH = YES;
				SDKROOT = iphoneos;
				SWIFT_ACTIVE_COMPILATION_CONDITIONS = DEBUG;
				SWIFT_OPTIMIZATION_LEVEL = "-Onone";
			};
			name = Debug;
		};
		CE64E2692A66698500143A63 /* Release */ = {
			isa = XCBuildConfiguration;
			buildSettings = {
				ALWAYS_SEARCH_USER_PATHS = NO;
				CLANG_ANALYZER_NONNULL = YES;
				CLANG_ANALYZER_NUMBER_OBJECT_CONVERSION = YES_AGGRESSIVE;
				CLANG_CXX_LANGUAGE_STANDARD = "gnu++20";
				CLANG_ENABLE_MODULES = YES;
				CLANG_ENABLE_OBJC_ARC = YES;
				CLANG_ENABLE_OBJC_WEAK = YES;
				CLANG_WARN_BLOCK_CAPTURE_AUTORELEASING = YES;
				CLANG_WARN_BOOL_CONVERSION = YES;
				CLANG_WARN_COMMA = YES;
				CLANG_WARN_CONSTANT_CONVERSION = YES;
				CLANG_WARN_DEPRECATED_OBJC_IMPLEMENTATIONS = YES;
				CLANG_WARN_DIRECT_OBJC_ISA_USAGE = YES_ERROR;
				CLANG_WARN_DOCUMENTATION_COMMENTS = YES;
				CLANG_WARN_EMPTY_BODY = YES;
				CLANG_WARN_ENUM_CONVERSION = YES;
				CLANG_WARN_INFINITE_RECURSION = YES;
				CLANG_WARN_INT_CONVERSION = YES;
				CLANG_WARN_NON_LITERAL_NULL_CONVERSION = YES;
				CLANG_WARN_OBJC_IMPLICIT_RETAIN_SELF = YES;
				CLANG_WARN_OBJC_LITERAL_CONVERSION = YES;
				CLANG_WARN_OBJC_ROOT_CLASS = YES_ERROR;
				CLANG_WARN_QUOTED_INCLUDE_IN_FRAMEWORK_HEADER = YES;
				CLANG_WARN_RANGE_LOOP_ANALYSIS = YES;
				CLANG_WARN_STRICT_PROTOTYPES = YES;
				CLANG_WARN_SUSPICIOUS_MOVE = YES;
				CLANG_WARN_UNGUARDED_AVAILABILITY = YES_AGGRESSIVE;
				CLANG_WARN_UNREACHABLE_CODE = YES;
				CLANG_WARN__DUPLICATE_METHOD_MATCH = YES;
				COPY_PHASE_STRIP = NO;
				DEBUG_INFORMATION_FORMAT = "dwarf-with-dsym";
				ENABLE_NS_ASSERTIONS = NO;
				ENABLE_STRICT_OBJC_MSGSEND = YES;
				GCC_C_LANGUAGE_STANDARD = gnu11;
				GCC_NO_COMMON_BLOCKS = YES;
				GCC_WARN_64_TO_32_BIT_CONVERSION = YES;
				GCC_WARN_ABOUT_RETURN_TYPE = YES_ERROR;
				GCC_WARN_UNDECLARED_SELECTOR = YES;
				GCC_WARN_UNINITIALIZED_AUTOS = YES_AGGRESSIVE;
				GCC_WARN_UNUSED_FUNCTION = YES;
				GCC_WARN_UNUSED_VARIABLE = YES;
				IPHONEOS_DEPLOYMENT_TARGET = 16.4;
				MTL_ENABLE_DEBUG_INFO = NO;
				MTL_FAST_MATH = YES;
				SDKROOT = iphoneos;
				SWIFT_COMPILATION_MODE = wholemodule;
				SWIFT_OPTIMIZATION_LEVEL = "-O";
				VALIDATE_PRODUCT = YES;
			};
			name = Release;
		};
		CE64E26B2A66698500143A63 /* Debug */ = {
			isa = XCBuildConfiguration;
			buildSettings = {
				ASSETCATALOG_COMPILER_APPICON_NAME = AppIcon;
				ASSETCATALOG_COMPILER_GLOBAL_ACCENT_COLOR_NAME = AccentColor;
				CODE_SIGN_STYLE = Automatic;
				CURRENT_PROJECT_VERSION = 1;
				DEVELOPMENT_ASSET_PATHS = "\"SwiftfulThinkingSUIBootcamp/Preview Content\"";
				DEVELOPMENT_TEAM = Y3FJ9QSCBU;
				ENABLE_PREVIEWS = YES;
				GENERATE_INFOPLIST_FILE = YES;
				INFOPLIST_KEY_UIApplicationSceneManifest_Generation = YES;
				INFOPLIST_KEY_UIApplicationSupportsIndirectInputEvents = YES;
				INFOPLIST_KEY_UILaunchScreen_Generation = YES;
				INFOPLIST_KEY_UISupportedInterfaceOrientations_iPad = "UIInterfaceOrientationPortrait UIInterfaceOrientationPortraitUpsideDown UIInterfaceOrientationLandscapeLeft UIInterfaceOrientationLandscapeRight";
				INFOPLIST_KEY_UISupportedInterfaceOrientations_iPhone = "UIInterfaceOrientationPortrait UIInterfaceOrientationLandscapeLeft UIInterfaceOrientationLandscapeRight";
				IPHONEOS_DEPLOYMENT_TARGET = 15.0;
				LD_RUNPATH_SEARCH_PATHS = (
					"$(inherited)",
					"@executable_path/Frameworks",
				);
				MARKETING_VERSION = 1.0;
				PRODUCT_BUNDLE_IDENTIFIER = io.multidesigncode.SwiftfulThinkingSUIBootcamp;
				PRODUCT_NAME = "$(TARGET_NAME)";
				SWIFT_EMIT_LOC_STRINGS = YES;
				SWIFT_VERSION = 5.0;
				TARGETED_DEVICE_FAMILY = "1,2";
			};
			name = Debug;
		};
		CE64E26C2A66698500143A63 /* Release */ = {
			isa = XCBuildConfiguration;
			buildSettings = {
				ASSETCATALOG_COMPILER_APPICON_NAME = AppIcon;
				ASSETCATALOG_COMPILER_GLOBAL_ACCENT_COLOR_NAME = AccentColor;
				CODE_SIGN_STYLE = Automatic;
				CURRENT_PROJECT_VERSION = 1;
				DEVELOPMENT_ASSET_PATHS = "\"SwiftfulThinkingSUIBootcamp/Preview Content\"";
				DEVELOPMENT_TEAM = Y3FJ9QSCBU;
				ENABLE_PREVIEWS = YES;
				GENERATE_INFOPLIST_FILE = YES;
				INFOPLIST_KEY_UIApplicationSceneManifest_Generation = YES;
				INFOPLIST_KEY_UIApplicationSupportsIndirectInputEvents = YES;
				INFOPLIST_KEY_UILaunchScreen_Generation = YES;
				INFOPLIST_KEY_UISupportedInterfaceOrientations_iPad = "UIInterfaceOrientationPortrait UIInterfaceOrientationPortraitUpsideDown UIInterfaceOrientationLandscapeLeft UIInterfaceOrientationLandscapeRight";
				INFOPLIST_KEY_UISupportedInterfaceOrientations_iPhone = "UIInterfaceOrientationPortrait UIInterfaceOrientationLandscapeLeft UIInterfaceOrientationLandscapeRight";
				IPHONEOS_DEPLOYMENT_TARGET = 15.0;
				LD_RUNPATH_SEARCH_PATHS = (
					"$(inherited)",
					"@executable_path/Frameworks",
				);
				MARKETING_VERSION = 1.0;
				PRODUCT_BUNDLE_IDENTIFIER = io.multidesigncode.SwiftfulThinkingSUIBootcamp;
				PRODUCT_NAME = "$(TARGET_NAME)";
				SWIFT_EMIT_LOC_STRINGS = YES;
				SWIFT_VERSION = 5.0;
				TARGETED_DEVICE_FAMILY = "1,2";
			};
			name = Release;
		};
/* End XCBuildConfiguration section */

/* Begin XCConfigurationList section */
		CE64E2572A66698400143A63 /* Build configuration list for PBXProject "SwiftfulThinkingSUIBootcamp" */ = {
			isa = XCConfigurationList;
			buildConfigurations = (
				CE64E2682A66698500143A63 /* Debug */,
				CE64E2692A66698500143A63 /* Release */,
			);
			defaultConfigurationIsVisible = 0;
			defaultConfigurationName = Release;
		};
		CE64E26A2A66698500143A63 /* Build configuration list for PBXNativeTarget "SwiftfulThinkingSUIBootcamp" */ = {
			isa = XCConfigurationList;
			buildConfigurations = (
				CE64E26B2A66698500143A63 /* Debug */,
				CE64E26C2A66698500143A63 /* Release */,
			);
			defaultConfigurationIsVisible = 0;
			defaultConfigurationName = Release;
		};
/* End XCConfigurationList section */
	};
	rootObject = CE64E2542A66698400143A63 /* Project object */;
}
